
Microsoft Visual Studio Solution File, Format Version 12.00
# Visual Studio Version 16
VisualStudioVersion = 16.0.29102.190
MinimumVisualStudioVersion = 10.0.40219.1
Project("{9A19103F-16F7-4668-BE54-9A1E7A4F7556}") = "Mappy.Core", "Mappy.Core\Mappy.Core.csproj", "{EEA9C01C-9927-4A7B-AFF9-4C1343EFE961}"
EndProject
Project("{9A19103F-16F7-4668-BE54-9A1E7A4F7556}") = "Mappy.Analyzer", "Mappy.Analyzer\Mappy.Analyzer\Mappy.Analyzer.csproj", "{1EF8D1C2-B83E-4063-92BB-B31F703B9A6E}"
EndProject
Project("{FAE04EC0-301F-11D3-BF4B-00C04F79EFBC}") = "Mappy.Analyzer.Vsix", "Mappy.Analyzer\Mappy.Analyzer.Vsix\Mappy.Analyzer.Vsix.csproj", "{FED1638B-45E5-40D9-87F3-85C8B3B3F3D0}"
EndProject
Global
	GlobalSection(SolutionConfigurationPlatforms) = preSolution
		Debug|Any CPU = Debug|Any CPU
		Release|Any CPU = Release|Any CPU
	EndGlobalSection
	GlobalSection(ProjectConfigurationPlatforms) = postSolution
		{EEA9C01C-9927-4A7B-AFF9-4C1343EFE961}.Debug|Any CPU.ActiveCfg = Debug|Any CPU
		{EEA9C01C-9927-4A7B-AFF9-4C1343EFE961}.Debug|Any CPU.Build.0 = Debug|Any CPU
		{EEA9C01C-9927-4A7B-AFF9-4C1343EFE961}.Release|Any CPU.ActiveCfg = Release|Any CPU
		{EEA9C01C-9927-4A7B-AFF9-4C1343EFE961}.Release|Any CPU.Build.0 = Release|Any CPU
		{1EF8D1C2-B83E-4063-92BB-B31F703B9A6E}.Debug|Any CPU.ActiveCfg = Debug|Any CPU
		{1EF8D1C2-B83E-4063-92BB-B31F703B9A6E}.Debug|Any CPU.Build.0 = Debug|Any CPU
		{1EF8D1C2-B83E-4063-92BB-B31F703B9A6E}.Release|Any CPU.ActiveCfg = Release|Any CPU
		{1EF8D1C2-B83E-4063-92BB-B31F703B9A6E}.Release|Any CPU.Build.0 = Release|Any CPU
		{FED1638B-45E5-40D9-87F3-85C8B3B3F3D0}.Debug|Any CPU.ActiveCfg = Debug|Any CPU
		{FED1638B-45E5-40D9-87F3-85C8B3B3F3D0}.Debug|Any CPU.Build.0 = Debug|Any CPU
		{FED1638B-45E5-40D9-87F3-85C8B3B3F3D0}.Release|Any CPU.ActiveCfg = Release|Any CPU
		{FED1638B-45E5-40D9-87F3-85C8B3B3F3D0}.Release|Any CPU.Build.0 = Release|Any CPU
	EndGlobalSection
	GlobalSection(SolutionProperties) = preSolution
		HideSolutionNode = FALSE
	EndGlobalSection
	GlobalSection(ExtensibilityGlobals) = postSolution
		SolutionGuid = {70026186-619C-4D75-8F5C-43A3333A7C06}
	EndGlobalSection
EndGlobal
