
Microsoft Visual Studio Solution File, Format Version 12.00
# Visual Studio Version 16
VisualStudioVersion = 16.0.29102.190
MinimumVisualStudioVersion = 10.0.40219.1
Project("{9A19103F-16F7-4668-BE54-9A1E7A4F7556}") = "Mappy.ConsoleTest", "Mappy.ConsoleTest\Mappy.ConsoleTest.csproj", "{268E0F4B-76C7-4024-9103-D1BA89DB21A8}"
EndProject
Global
	GlobalSection(SolutionConfigurationPlatforms) = preSolution
		Debug|Any CPU = Debug|Any CPU
		Release|Any CPU = Release|Any CPU
	EndGlobalSection
	GlobalSection(ProjectConfigurationPlatforms) = postSolution
		{268E0F4B-76C7-4024-9103-D1BA89DB21A8}.Debug|Any CPU.ActiveCfg = Debug|Any CPU
		{268E0F4B-76C7-4024-9103-D1BA89DB21A8}.Debug|Any CPU.Build.0 = Debug|Any CPU
		{268E0F4B-76C7-4024-9103-D1BA89DB21A8}.Release|Any CPU.ActiveCfg = Release|Any CPU
		{268E0F4B-76C7-4024-9103-D1BA89DB21A8}.Release|Any CPU.Build.0 = Release|Any CPU
	EndGlobalSection
	GlobalSection(SolutionProperties) = preSolution
		HideSolutionNode = FALSE
	EndGlobalSection
	GlobalSection(ExtensibilityGlobals) = postSolution
		SolutionGuid = {B0233D4D-7D76-49A8-9E81-1F12F8A4EFE3}
	EndGlobalSection
EndGlobal
